
Microsoft Visual Studio Solution File, Format Version 12.00
# Visual Studio Version 16
VisualStudioVersion = 16.0.29613.14
MinimumVisualStudioVersion = 10.0.40219.1
Project("{FAE04EC0-301F-11D3-BF4B-00C04F79EFBC}") = "TinyClothes", "TinyClothes\TinyClothes.csproj", "{41F9DE21-6D3A-44EB-A8F5-9744830C3EDE}"
EndProject
Global
	GlobalSection(SolutionConfigurationPlatforms) = preSolution
		Debug|Any CPU = Debug|Any CPU
		Release|Any CPU = Release|Any CPU
	EndGlobalSection
	GlobalSection(ProjectConfigurationPlatforms) = postSolution
		{41F9DE21-6D3A-44EB-A8F5-9744830C3EDE}.Debug|Any CPU.ActiveCfg = Debug|Any CPU
		{41F9DE21-6D3A-44EB-A8F5-9744830C3EDE}.Debug|Any CPU.Build.0 = Debug|Any CPU
		{41F9DE21-6D3A-44EB-A8F5-9744830C3EDE}.Release|Any CPU.ActiveCfg = Release|Any CPU
		{41F9DE21-6D3A-44EB-A8F5-9744830C3EDE}.Release|Any CPU.Build.0 = Release|Any CPU
	EndGlobalSection
	GlobalSection(SolutionProperties) = preSolution
		HideSolutionNode = FALSE
	EndGlobalSection
	GlobalSection(ExtensibilityGlobals) = postSolution
		SolutionGuid = {50D0BCAD-B50C-4BDB-83A9-B2BBEA3E78BC}
	EndGlobalSection
EndGlobal
